
Microsoft Visual Studio Solution File, Format Version 12.00
# Visual Studio Version 16
VisualStudioVersion = 16.0.30309.148
MinimumVisualStudioVersion = 10.0.40219.1
Project("{FAE04EC0-301F-11D3-BF4B-00C04F79EFBC}") = "PhoneBook", "PhoneBook.csproj", "{FDC4C605-5FD7-4657-AE83-EBAA9EBF82DF}"
EndProject
Global
	GlobalSection(SolutionConfigurationPlatforms) = preSolution
		Debug|Any CPU = Debug|Any CPU
		Release|Any CPU = Release|Any CPU
	EndGlobalSection
	GlobalSection(ProjectConfigurationPlatforms) = postSolution
		{FDC4C605-5FD7-4657-AE83-EBAA9EBF82DF}.Debug|Any CPU.ActiveCfg = Debug|Any CPU
		{FDC4C605-5FD7-4657-AE83-EBAA9EBF82DF}.Debug|Any CPU.Build.0 = Debug|Any CPU
		{FDC4C605-5FD7-4657-AE83-EBAA9EBF82DF}.Release|Any CPU.ActiveCfg = Release|Any CPU
		{FDC4C605-5FD7-4657-AE83-EBAA9EBF82DF}.Release|Any CPU.Build.0 = Release|Any CPU
	EndGlobalSection
	GlobalSection(SolutionProperties) = preSolution
		HideSolutionNode = FALSE
	EndGlobalSection
	GlobalSection(ExtensibilityGlobals) = postSolution
		SolutionGuid = {38D22377-A0B7-4224-9E8D-D02E84556010}
	EndGlobalSection
EndGlobal
